
Microsoft Visual Studio Solution File, Format Version 12.00
# Visual Studio Version 16
VisualStudioVersion = 16.0.30114.105
MinimumVisualStudioVersion = 10.0.40219.1
Project("{FAE04EC0-301F-11D3-BF4B-00C04F79EFBC}") = "Task1.1.1", "Task1\Task1.1.1.csproj", "{6D1A05D3-A464-474B-A0F9-61D7050C00CD}"
EndProject
Project("{FAE04EC0-301F-11D3-BF4B-00C04F79EFBC}") = "Task1.1.2", "Task1.1.2\Task1.1.2.csproj", "{0D5EBBBD-4F75-47E4-A74A-46AA68E5937B}"
EndProject
Project("{FAE04EC0-301F-11D3-BF4B-00C04F79EFBC}") = "Task1.1.3", "Task1.1.3\Task1.1.3.csproj", "{AEFEBC9F-3309-40B7-AE4A-7AFCAA539622}"
EndProject
Project("{FAE04EC0-301F-11D3-BF4B-00C04F79EFBC}") = "Task1.1.4", "Task1.1.4\Task1.1.4.csproj", "{CC151CB7-E405-411E-ACAA-376EC53F695B}"
EndProject
Project("{FAE04EC0-301F-11D3-BF4B-00C04F79EFBC}") = "Task1.1.5", "Task1.1.5\Task1.1.5.csproj", "{C826928A-1219-4C9E-8148-B7E2D06E170B}"
EndProject
Project("{FAE04EC0-301F-11D3-BF4B-00C04F79EFBC}") = "Task1.1.7", "Task1.1.7\Task1.1.7.csproj", "{35CF007E-9115-42DF-B799-D534CEABC1ED}"
EndProject
Project("{FAE04EC0-301F-11D3-BF4B-00C04F79EFBC}") = "Task1.1.8", "Task1.1.8\Task1.1.8.csproj", "{F104B307-B4BE-4B33-95CC-8C2A3FC0D50B}"
EndProject
Project("{FAE04EC0-301F-11D3-BF4B-00C04F79EFBC}") = "Task1.1.9", "Task1.1.9\Task1.1.9.csproj", "{4A39A93C-480A-4A6C-BC55-4A9F28C317DC}"
EndProject
Project("{FAE04EC0-301F-11D3-BF4B-00C04F79EFBC}") = "Task1.1.10", "Task1.1.10\Task1.1.10.csproj", "{47582088-8323-4FB7-973B-C32CED72A2A4}"
EndProject
Project("{FAE04EC0-301F-11D3-BF4B-00C04F79EFBC}") = "Task1.1.6", "Task1.1.6\Task1.1.6.csproj", "{C646D0B8-8EE8-464A-AE78-307532860CF5}"
EndProject
Project("{2150E333-8FDC-42A3-9474-1A3956D46DE8}") = "Task1.1.x", "Task1.1.x", "{D8B1355F-E15F-4A96-AF51-7AAB853F4894}"
EndProject
Project("{2150E333-8FDC-42A3-9474-1A3956D46DE8}") = "Task1.2.x", "Task1.2.x", "{64C25BC3-9481-4E30-BD12-5529FF9752C1}"
EndProject
Project("{FAE04EC0-301F-11D3-BF4B-00C04F79EFBC}") = "Task1.2.1", "Task1.2.1\Task1.2.1.csproj", "{FE197086-7BA2-44BA-95E9-0F08C504ACF8}"
EndProject
Project("{FAE04EC0-301F-11D3-BF4B-00C04F79EFBC}") = "Task1.2.2", "Task1.2.2\Task1.2.2.csproj", "{1A3F6D9C-3D43-4373-A2E5-9CE346806C20}"
EndProject
Project("{FAE04EC0-301F-11D3-BF4B-00C04F79EFBC}") = "Task1.2.3", "Task1.2.3\Task1.2.3.csproj", "{E98DA5F4-764F-4A5F-9692-A3FDB1C50C54}"
EndProject
Project("{FAE04EC0-301F-11D3-BF4B-00C04F79EFBC}") = "Task1.2.4", "Task1.2.4\Task1.2.4.csproj", "{EFB7D082-60F1-40E3-A4EE-A44B51677ABE}"
EndProject
Project("{FAE04EC0-301F-11D3-BF4B-00C04F79EFBC}") = "Task2.1.1", "Task2.1.1\Task2.1.1.csproj", "{2E08EB7A-73A8-4007-B78E-42A374911E13}"
EndProject
Project("{2150E333-8FDC-42A3-9474-1A3956D46DE8}") = "Task2.1.x", "Task2.1.x", "{85847ED4-BC81-4AEA-A620-660CA6B8F063}"
EndProject
Project("{FAE04EC0-301F-11D3-BF4B-00C04F79EFBC}") = "Task2.1.2", "Task2.1.2\Task2.1.2.csproj", "{14EF1F89-8FF1-4FF6-A6E1-72F310990690}"
EndProject
Project("{FAE04EC0-301F-11D3-BF4B-00C04F79EFBC}") = "Task2.2.1", "Task2.2.1\Task2.2.1.csproj", "{8CA906A7-0B66-4ABC-B946-67124EEB38A6}"
EndProject
Project("{2150E333-8FDC-42A3-9474-1A3956D46DE8}") = "Task3.1.x", "Task3.1.x", "{A90DF6CB-AC96-4F82-B779-5A34CBDDA628}"
EndProject
Project("{FAE04EC0-301F-11D3-BF4B-00C04F79EFBC}") = "Task3.1.1", "Task3.1.1\Task3.1.1.csproj", "{87A3E558-1855-4B4A-AEFE-730ECB856D58}"
EndProject
Project("{FAE04EC0-301F-11D3-BF4B-00C04F79EFBC}") = "Task3.1.2", "Task3.1.2\Task3.1.2.csproj", "{D33A210B-2753-46B7-8167-483E9791AA14}"
EndProject
Project("{2150E333-8FDC-42A3-9474-1A3956D46DE8}") = "Task3.2.x", "Task3.2.x", "{35CF8DC0-BF34-46A8-A52F-49B89E122108}"
EndProject
Project("{FAE04EC0-301F-11D3-BF4B-00C04F79EFBC}") = "Task3.2.1", "Task3.2.1\Task3.2.1.csproj", "{6D1647DD-5370-4EE7-98D4-4357E887493D}"
EndProject
Project("{2150E333-8FDC-42A3-9474-1A3956D46DE8}") = "Task3.3.x", "Task3.3.x", "{212E1719-F62D-44A7-ADCD-70BCF0BC8FA4}"
EndProject
Project("{FAE04EC0-301F-11D3-BF4B-00C04F79EFBC}") = "Task3.3.1", "Task3.3.1\Task3.3.1.csproj", "{E77A5AD0-4A6E-4463-A572-EC2D21DF2D26}"
EndProject
Project("{FAE04EC0-301F-11D3-BF4B-00C04F79EFBC}") = "Task3.3.2", "Task3.3.2\Task3.3.2.csproj", "{4158AFD0-5B7E-43FD-A27C-FF5A8679208B}"
EndProject
Project("{FAE04EC0-301F-11D3-BF4B-00C04F79EFBC}") = "Task3.3.3", "Task3.3.3\Task3.3.3.csproj", "{DD8BB5E9-AC34-474E-8373-985EE36D2F6B}"
EndProject
Project("{2150E333-8FDC-42A3-9474-1A3956D46DE8}") = "Task4.1.x", "Task4.1.x", "{2A8D53D5-7E20-4B0E-A057-9D53674AE426}"
EndProject
Project("{FAE04EC0-301F-11D3-BF4B-00C04F79EFBC}") = "Task4.1.1", "Task4.1.1\Task4.1.1.csproj", "{5FC1E266-0F19-4E4F-8E96-662B750249CF}"
EndProject
Project("{2150E333-8FDC-42A3-9474-1A3956D46DE8}") = "Javascript", "Javascript", "{2DA3A4E5-E414-48AE-97EF-A79C7E44EF69}"
EndProject
Project("{2150E333-8FDC-42A3-9474-1A3956D46DE8}") = "Task5.x", "Task5.x", "{586E881E-591B-4929-9ACC-4801851D622B}"
EndProject
Project("{2150E333-8FDC-42A3-9474-1A3956D46DE8}") = "Task5.1", "Task5.1", "{C6C2FC9D-8166-49B9-AC95-3368885A62B2}"
	ProjectSection(SolutionItems) = preProject
		Task5.1.js = Task5.1.js
	EndProjectSection
EndProject
Project("{2150E333-8FDC-42A3-9474-1A3956D46DE8}") = "Task5.2", "Task5.2", "{476EE7AA-BE32-4690-8018-32E5B8F8FE43}"
	ProjectSection(SolutionItems) = preProject
		Task5.2.js = Task5.2.js
	EndProjectSection
EndProject
Project("{2150E333-8FDC-42A3-9474-1A3956D46DE8}") = "Task5.3", "Task5.3", "{A085E11A-7F87-4F42-AE36-53C8952B6665}"
	ProjectSection(SolutionItems) = preProject
		Task5.3.js = Task5.3.js
	EndProjectSection
EndProject
Project("{2150E333-8FDC-42A3-9474-1A3956D46DE8}") = "Task7.1.x", "Task7.1.x", "{2A1AEA4C-9AAA-4886-85CD-6157B258AC40}"
EndProject
Project("{2150E333-8FDC-42A3-9474-1A3956D46DE8}") = "Task7.1.1", "Task7.1.1", "{903DD7E4-C877-4375-AAF4-FA2BCDA30AAF}"
EndProject
Project("{FAE04EC0-301F-11D3-BF4B-00C04F79EFBC}") = "ConsolePL", "Task7.1.1PL\ConsolePL.csproj", "{2E6C7C2E-9696-4C6B-B10B-571280181344}"
EndProject
Project("{2150E333-8FDC-42A3-9474-1A3956D46DE8}") = "BLL", "BLL", "{FA655799-6A44-4558-A8EE-53C366AD6645}"
EndProject
Project("{2150E333-8FDC-42A3-9474-1A3956D46DE8}") = "DAL", "DAL", "{C47F44A6-B845-43A3-9CD1-A9D240FDD8F1}"
EndProject
Project("{2150E333-8FDC-42A3-9474-1A3956D46DE8}") = "PL", "PL", "{4AF967AF-A8E8-4F03-814A-E9C98E2CFFDE}"
EndProject
Project("{2150E333-8FDC-42A3-9474-1A3956D46DE8}") = "Common", "Common", "{757B0D1A-B74A-43EF-A57A-88DFF38DB781}"
EndProject
Project("{FAE04EC0-301F-11D3-BF4B-00C04F79EFBC}") = "Task7.1.1.Entities", "Task7.1.1.Entities\Task7.1.1.Entities.csproj", "{06F4E9C3-1DC4-4E9D-8D82-14A9854146C9}"
EndProject
Project("{FAE04EC0-301F-11D3-BF4B-00C04F79EFBC}") = "Users.DAL", "Users.DAL\Users.DAL.csproj", "{CE7D7FB5-E341-4068-8F6F-9A1B143CE47A}"
EndProject
Project("{FAE04EC0-301F-11D3-BF4B-00C04F79EFBC}") = "Users.DAL.Interfaces", "Users.DAL.Interfaces\Users.DAL.Interfaces.csproj", "{21433BD0-FEAF-4118-93C4-7385EF72DDC2}"
EndProject
Project("{FAE04EC0-301F-11D3-BF4B-00C04F79EFBC}") = "Awards.DAL", "Award.DAL\Awards.DAL.csproj", "{41BDBF4F-B884-4EB4-ABAA-8237EC5AE9AC}"
EndProject
Project("{FAE04EC0-301F-11D3-BF4B-00C04F79EFBC}") = "Awards.DAL.Interfaces", "Award.DAL.Interfaces\Awards.DAL.Interfaces.csproj", "{0E6855FC-EEFB-4BB7-9C55-D2884C5D5095}"
EndProject
Project("{FAE04EC0-301F-11D3-BF4B-00C04F79EFBC}") = "Users.BLL.Interfaces", "Users.BLL.Interfaces\Users.BLL.Interfaces.csproj", "{BBC5FB1F-0899-4E74-B0B2-082037748953}"
EndProject
Project("{FAE04EC0-301F-11D3-BF4B-00C04F79EFBC}") = "Users.BLL", "Users.BLL\Users.BLL.csproj", "{0CA11BC3-09C5-4140-A715-D992DA1693DB}"
EndProject
Project("{FAE04EC0-301F-11D3-BF4B-00C04F79EFBC}") = "Awards.BLL.Interfaces", "Awards.BLL.Interfaces\Awards.BLL.Interfaces.csproj", "{ED0BD7B3-27BC-44D5-9B18-D01106465892}"
EndProject
Project("{FAE04EC0-301F-11D3-BF4B-00C04F79EFBC}") = "Awards.BLL", "Awards.BLL\Awards.BLL.csproj", "{DB261297-64B9-47A0-9CFE-C01B8A137A31}"
EndProject
Project("{FAE04EC0-301F-11D3-BF4B-00C04F79EFBC}") = "Task7.1.1.Common", "Task7.1.1.Common\Task7.1.1.Common.csproj", "{6202BA7B-2788-48DA-B538-582F1DBCB266}"
EndProject
Project("{FAE04EC0-301F-11D3-BF4B-00C04F79EFBC}") = "Table_Users_Awards.DAL.Interfaces", "Table_Users_Awards.DAL.Interfaces\Table_Users_Awards.DAL.Interfaces.csproj", "{9A76812B-3C9F-4145-BEE0-29C13632F2BD}"
EndProject
Project("{FAE04EC0-301F-11D3-BF4B-00C04F79EFBC}") = "Table_Users_Awards.DAL", "Table_Users_Awards.DAL\Table_Users_Awards.DAL.csproj", "{41AFD2F4-E095-41C7-A23C-A5D89D44BBCF}"
EndProject
Project("{FAE04EC0-301F-11D3-BF4B-00C04F79EFBC}") = "Table_Users_Awards.BLL", "Table_Users_Awards.BLL\Table_Users_Awards.BLL.csproj", "{35BFC016-F6D6-4BF0-A521-E511DBC7F656}"
EndProject
Project("{FAE04EC0-301F-11D3-BF4B-00C04F79EFBC}") = "Table_Users_Awards.BLL.Interfaces", "Table_Users_Awards.BLL.Interfaces\Table_Users_Awards.BLL.Interfaces.csproj", "{F5A88908-5094-46F9-B6CC-3AE89ACBEAF0}"
EndProject
Global
	GlobalSection(SolutionConfigurationPlatforms) = preSolution
		Debug|Any CPU = Debug|Any CPU
		Release|Any CPU = Release|Any CPU
	EndGlobalSection
	GlobalSection(ProjectConfigurationPlatforms) = postSolution
		{6D1A05D3-A464-474B-A0F9-61D7050C00CD}.Debug|Any CPU.ActiveCfg = Debug|Any CPU
		{6D1A05D3-A464-474B-A0F9-61D7050C00CD}.Debug|Any CPU.Build.0 = Debug|Any CPU
		{6D1A05D3-A464-474B-A0F9-61D7050C00CD}.Release|Any CPU.ActiveCfg = Release|Any CPU
		{6D1A05D3-A464-474B-A0F9-61D7050C00CD}.Release|Any CPU.Build.0 = Release|Any CPU
		{0D5EBBBD-4F75-47E4-A74A-46AA68E5937B}.Debug|Any CPU.ActiveCfg = Debug|Any CPU
		{0D5EBBBD-4F75-47E4-A74A-46AA68E5937B}.Debug|Any CPU.Build.0 = Debug|Any CPU
		{0D5EBBBD-4F75-47E4-A74A-46AA68E5937B}.Release|Any CPU.ActiveCfg = Release|Any CPU
		{0D5EBBBD-4F75-47E4-A74A-46AA68E5937B}.Release|Any CPU.Build.0 = Release|Any CPU
		{AEFEBC9F-3309-40B7-AE4A-7AFCAA539622}.Debug|Any CPU.ActiveCfg = Debug|Any CPU
		{AEFEBC9F-3309-40B7-AE4A-7AFCAA539622}.Debug|Any CPU.Build.0 = Debug|Any CPU
		{AEFEBC9F-3309-40B7-AE4A-7AFCAA539622}.Release|Any CPU.ActiveCfg = Release|Any CPU
		{AEFEBC9F-3309-40B7-AE4A-7AFCAA539622}.Release|Any CPU.Build.0 = Release|Any CPU
		{CC151CB7-E405-411E-ACAA-376EC53F695B}.Debug|Any CPU.ActiveCfg = Debug|Any CPU
		{CC151CB7-E405-411E-ACAA-376EC53F695B}.Debug|Any CPU.Build.0 = Debug|Any CPU
		{CC151CB7-E405-411E-ACAA-376EC53F695B}.Release|Any CPU.ActiveCfg = Release|Any CPU
		{CC151CB7-E405-411E-ACAA-376EC53F695B}.Release|Any CPU.Build.0 = Release|Any CPU
		{C826928A-1219-4C9E-8148-B7E2D06E170B}.Debug|Any CPU.ActiveCfg = Debug|Any CPU
		{C826928A-1219-4C9E-8148-B7E2D06E170B}.Debug|Any CPU.Build.0 = Debug|Any CPU
		{C826928A-1219-4C9E-8148-B7E2D06E170B}.Release|Any CPU.ActiveCfg = Release|Any CPU
		{C826928A-1219-4C9E-8148-B7E2D06E170B}.Release|Any CPU.Build.0 = Release|Any CPU
		{35CF007E-9115-42DF-B799-D534CEABC1ED}.Debug|Any CPU.ActiveCfg = Debug|Any CPU
		{35CF007E-9115-42DF-B799-D534CEABC1ED}.Debug|Any CPU.Build.0 = Debug|Any CPU
		{35CF007E-9115-42DF-B799-D534CEABC1ED}.Release|Any CPU.ActiveCfg = Release|Any CPU
		{35CF007E-9115-42DF-B799-D534CEABC1ED}.Release|Any CPU.Build.0 = Release|Any CPU
		{F104B307-B4BE-4B33-95CC-8C2A3FC0D50B}.Debug|Any CPU.ActiveCfg = Debug|Any CPU
		{F104B307-B4BE-4B33-95CC-8C2A3FC0D50B}.Debug|Any CPU.Build.0 = Debug|Any CPU
		{F104B307-B4BE-4B33-95CC-8C2A3FC0D50B}.Release|Any CPU.ActiveCfg = Release|Any CPU
		{F104B307-B4BE-4B33-95CC-8C2A3FC0D50B}.Release|Any CPU.Build.0 = Release|Any CPU
		{4A39A93C-480A-4A6C-BC55-4A9F28C317DC}.Debug|Any CPU.ActiveCfg = Debug|Any CPU
		{4A39A93C-480A-4A6C-BC55-4A9F28C317DC}.Debug|Any CPU.Build.0 = Debug|Any CPU
		{4A39A93C-480A-4A6C-BC55-4A9F28C317DC}.Release|Any CPU.ActiveCfg = Release|Any CPU
		{4A39A93C-480A-4A6C-BC55-4A9F28C317DC}.Release|Any CPU.Build.0 = Release|Any CPU
		{47582088-8323-4FB7-973B-C32CED72A2A4}.Debug|Any CPU.ActiveCfg = Debug|Any CPU
		{47582088-8323-4FB7-973B-C32CED72A2A4}.Debug|Any CPU.Build.0 = Debug|Any CPU
		{47582088-8323-4FB7-973B-C32CED72A2A4}.Release|Any CPU.ActiveCfg = Release|Any CPU
		{47582088-8323-4FB7-973B-C32CED72A2A4}.Release|Any CPU.Build.0 = Release|Any CPU
		{C646D0B8-8EE8-464A-AE78-307532860CF5}.Debug|Any CPU.ActiveCfg = Debug|Any CPU
		{C646D0B8-8EE8-464A-AE78-307532860CF5}.Debug|Any CPU.Build.0 = Debug|Any CPU
		{C646D0B8-8EE8-464A-AE78-307532860CF5}.Release|Any CPU.ActiveCfg = Release|Any CPU
		{C646D0B8-8EE8-464A-AE78-307532860CF5}.Release|Any CPU.Build.0 = Release|Any CPU
		{FE197086-7BA2-44BA-95E9-0F08C504ACF8}.Debug|Any CPU.ActiveCfg = Debug|Any CPU
		{FE197086-7BA2-44BA-95E9-0F08C504ACF8}.Debug|Any CPU.Build.0 = Debug|Any CPU
		{FE197086-7BA2-44BA-95E9-0F08C504ACF8}.Release|Any CPU.ActiveCfg = Release|Any CPU
		{FE197086-7BA2-44BA-95E9-0F08C504ACF8}.Release|Any CPU.Build.0 = Release|Any CPU
		{1A3F6D9C-3D43-4373-A2E5-9CE346806C20}.Debug|Any CPU.ActiveCfg = Debug|Any CPU
		{1A3F6D9C-3D43-4373-A2E5-9CE346806C20}.Debug|Any CPU.Build.0 = Debug|Any CPU
		{1A3F6D9C-3D43-4373-A2E5-9CE346806C20}.Release|Any CPU.ActiveCfg = Release|Any CPU
		{1A3F6D9C-3D43-4373-A2E5-9CE346806C20}.Release|Any CPU.Build.0 = Release|Any CPU
		{E98DA5F4-764F-4A5F-9692-A3FDB1C50C54}.Debug|Any CPU.ActiveCfg = Debug|Any CPU
		{E98DA5F4-764F-4A5F-9692-A3FDB1C50C54}.Debug|Any CPU.Build.0 = Debug|Any CPU
		{E98DA5F4-764F-4A5F-9692-A3FDB1C50C54}.Release|Any CPU.ActiveCfg = Release|Any CPU
		{E98DA5F4-764F-4A5F-9692-A3FDB1C50C54}.Release|Any CPU.Build.0 = Release|Any CPU
		{EFB7D082-60F1-40E3-A4EE-A44B51677ABE}.Debug|Any CPU.ActiveCfg = Debug|Any CPU
		{EFB7D082-60F1-40E3-A4EE-A44B51677ABE}.Debug|Any CPU.Build.0 = Debug|Any CPU
		{EFB7D082-60F1-40E3-A4EE-A44B51677ABE}.Release|Any CPU.ActiveCfg = Release|Any CPU
		{EFB7D082-60F1-40E3-A4EE-A44B51677ABE}.Release|Any CPU.Build.0 = Release|Any CPU
		{2E08EB7A-73A8-4007-B78E-42A374911E13}.Debug|Any CPU.ActiveCfg = Debug|Any CPU
		{2E08EB7A-73A8-4007-B78E-42A374911E13}.Debug|Any CPU.Build.0 = Debug|Any CPU
		{2E08EB7A-73A8-4007-B78E-42A374911E13}.Release|Any CPU.ActiveCfg = Release|Any CPU
		{2E08EB7A-73A8-4007-B78E-42A374911E13}.Release|Any CPU.Build.0 = Release|Any CPU
		{14EF1F89-8FF1-4FF6-A6E1-72F310990690}.Debug|Any CPU.ActiveCfg = Debug|Any CPU
		{14EF1F89-8FF1-4FF6-A6E1-72F310990690}.Debug|Any CPU.Build.0 = Debug|Any CPU
		{14EF1F89-8FF1-4FF6-A6E1-72F310990690}.Release|Any CPU.ActiveCfg = Release|Any CPU
		{14EF1F89-8FF1-4FF6-A6E1-72F310990690}.Release|Any CPU.Build.0 = Release|Any CPU
		{8CA906A7-0B66-4ABC-B946-67124EEB38A6}.Debug|Any CPU.ActiveCfg = Debug|Any CPU
		{8CA906A7-0B66-4ABC-B946-67124EEB38A6}.Debug|Any CPU.Build.0 = Debug|Any CPU
		{8CA906A7-0B66-4ABC-B946-67124EEB38A6}.Release|Any CPU.ActiveCfg = Release|Any CPU
		{8CA906A7-0B66-4ABC-B946-67124EEB38A6}.Release|Any CPU.Build.0 = Release|Any CPU
		{87A3E558-1855-4B4A-AEFE-730ECB856D58}.Debug|Any CPU.ActiveCfg = Debug|Any CPU
		{87A3E558-1855-4B4A-AEFE-730ECB856D58}.Debug|Any CPU.Build.0 = Debug|Any CPU
		{87A3E558-1855-4B4A-AEFE-730ECB856D58}.Release|Any CPU.ActiveCfg = Release|Any CPU
		{87A3E558-1855-4B4A-AEFE-730ECB856D58}.Release|Any CPU.Build.0 = Release|Any CPU
		{D33A210B-2753-46B7-8167-483E9791AA14}.Debug|Any CPU.ActiveCfg = Debug|Any CPU
		{D33A210B-2753-46B7-8167-483E9791AA14}.Debug|Any CPU.Build.0 = Debug|Any CPU
		{D33A210B-2753-46B7-8167-483E9791AA14}.Release|Any CPU.ActiveCfg = Release|Any CPU
		{D33A210B-2753-46B7-8167-483E9791AA14}.Release|Any CPU.Build.0 = Release|Any CPU
		{6D1647DD-5370-4EE7-98D4-4357E887493D}.Debug|Any CPU.ActiveCfg = Debug|Any CPU
		{6D1647DD-5370-4EE7-98D4-4357E887493D}.Debug|Any CPU.Build.0 = Debug|Any CPU
		{6D1647DD-5370-4EE7-98D4-4357E887493D}.Release|Any CPU.ActiveCfg = Release|Any CPU
		{6D1647DD-5370-4EE7-98D4-4357E887493D}.Release|Any CPU.Build.0 = Release|Any CPU
		{E77A5AD0-4A6E-4463-A572-EC2D21DF2D26}.Debug|Any CPU.ActiveCfg = Debug|Any CPU
		{E77A5AD0-4A6E-4463-A572-EC2D21DF2D26}.Debug|Any CPU.Build.0 = Debug|Any CPU
		{E77A5AD0-4A6E-4463-A572-EC2D21DF2D26}.Release|Any CPU.ActiveCfg = Release|Any CPU
		{E77A5AD0-4A6E-4463-A572-EC2D21DF2D26}.Release|Any CPU.Build.0 = Release|Any CPU
		{4158AFD0-5B7E-43FD-A27C-FF5A8679208B}.Debug|Any CPU.ActiveCfg = Debug|Any CPU
		{4158AFD0-5B7E-43FD-A27C-FF5A8679208B}.Debug|Any CPU.Build.0 = Debug|Any CPU
		{4158AFD0-5B7E-43FD-A27C-FF5A8679208B}.Release|Any CPU.ActiveCfg = Release|Any CPU
		{4158AFD0-5B7E-43FD-A27C-FF5A8679208B}.Release|Any CPU.Build.0 = Release|Any CPU
		{DD8BB5E9-AC34-474E-8373-985EE36D2F6B}.Debug|Any CPU.ActiveCfg = Debug|Any CPU
		{DD8BB5E9-AC34-474E-8373-985EE36D2F6B}.Debug|Any CPU.Build.0 = Debug|Any CPU
		{DD8BB5E9-AC34-474E-8373-985EE36D2F6B}.Release|Any CPU.ActiveCfg = Release|Any CPU
		{DD8BB5E9-AC34-474E-8373-985EE36D2F6B}.Release|Any CPU.Build.0 = Release|Any CPU
		{5FC1E266-0F19-4E4F-8E96-662B750249CF}.Debug|Any CPU.ActiveCfg = Debug|Any CPU
		{5FC1E266-0F19-4E4F-8E96-662B750249CF}.Debug|Any CPU.Build.0 = Debug|Any CPU
		{5FC1E266-0F19-4E4F-8E96-662B750249CF}.Release|Any CPU.ActiveCfg = Release|Any CPU
		{5FC1E266-0F19-4E4F-8E96-662B750249CF}.Release|Any CPU.Build.0 = Release|Any CPU
		{2E6C7C2E-9696-4C6B-B10B-571280181344}.Debug|Any CPU.ActiveCfg = Debug|Any CPU
		{2E6C7C2E-9696-4C6B-B10B-571280181344}.Debug|Any CPU.Build.0 = Debug|Any CPU
		{2E6C7C2E-9696-4C6B-B10B-571280181344}.Release|Any CPU.ActiveCfg = Release|Any CPU
		{2E6C7C2E-9696-4C6B-B10B-571280181344}.Release|Any CPU.Build.0 = Release|Any CPU
		{06F4E9C3-1DC4-4E9D-8D82-14A9854146C9}.Debug|Any CPU.ActiveCfg = Debug|Any CPU
		{06F4E9C3-1DC4-4E9D-8D82-14A9854146C9}.Debug|Any CPU.Build.0 = Debug|Any CPU
		{06F4E9C3-1DC4-4E9D-8D82-14A9854146C9}.Release|Any CPU.ActiveCfg = Release|Any CPU
		{06F4E9C3-1DC4-4E9D-8D82-14A9854146C9}.Release|Any CPU.Build.0 = Release|Any CPU
		{CE7D7FB5-E341-4068-8F6F-9A1B143CE47A}.Debug|Any CPU.ActiveCfg = Debug|Any CPU
		{CE7D7FB5-E341-4068-8F6F-9A1B143CE47A}.Debug|Any CPU.Build.0 = Debug|Any CPU
		{CE7D7FB5-E341-4068-8F6F-9A1B143CE47A}.Release|Any CPU.ActiveCfg = Release|Any CPU
		{CE7D7FB5-E341-4068-8F6F-9A1B143CE47A}.Release|Any CPU.Build.0 = Release|Any CPU
		{21433BD0-FEAF-4118-93C4-7385EF72DDC2}.Debug|Any CPU.ActiveCfg = Debug|Any CPU
		{21433BD0-FEAF-4118-93C4-7385EF72DDC2}.Debug|Any CPU.Build.0 = Debug|Any CPU
		{21433BD0-FEAF-4118-93C4-7385EF72DDC2}.Release|Any CPU.ActiveCfg = Release|Any CPU
		{21433BD0-FEAF-4118-93C4-7385EF72DDC2}.Release|Any CPU.Build.0 = Release|Any CPU
		{41BDBF4F-B884-4EB4-ABAA-8237EC5AE9AC}.Debug|Any CPU.ActiveCfg = Debug|Any CPU
		{41BDBF4F-B884-4EB4-ABAA-8237EC5AE9AC}.Debug|Any CPU.Build.0 = Debug|Any CPU
		{41BDBF4F-B884-4EB4-ABAA-8237EC5AE9AC}.Release|Any CPU.ActiveCfg = Release|Any CPU
		{41BDBF4F-B884-4EB4-ABAA-8237EC5AE9AC}.Release|Any CPU.Build.0 = Release|Any CPU
		{0E6855FC-EEFB-4BB7-9C55-D2884C5D5095}.Debug|Any CPU.ActiveCfg = Debug|Any CPU
		{0E6855FC-EEFB-4BB7-9C55-D2884C5D5095}.Debug|Any CPU.Build.0 = Debug|Any CPU
		{0E6855FC-EEFB-4BB7-9C55-D2884C5D5095}.Release|Any CPU.ActiveCfg = Release|Any CPU
		{0E6855FC-EEFB-4BB7-9C55-D2884C5D5095}.Release|Any CPU.Build.0 = Release|Any CPU
		{BBC5FB1F-0899-4E74-B0B2-082037748953}.Debug|Any CPU.ActiveCfg = Debug|Any CPU
		{BBC5FB1F-0899-4E74-B0B2-082037748953}.Debug|Any CPU.Build.0 = Debug|Any CPU
		{BBC5FB1F-0899-4E74-B0B2-082037748953}.Release|Any CPU.ActiveCfg = Release|Any CPU
		{BBC5FB1F-0899-4E74-B0B2-082037748953}.Release|Any CPU.Build.0 = Release|Any CPU
		{0CA11BC3-09C5-4140-A715-D992DA1693DB}.Debug|Any CPU.ActiveCfg = Debug|Any CPU
		{0CA11BC3-09C5-4140-A715-D992DA1693DB}.Debug|Any CPU.Build.0 = Debug|Any CPU
		{0CA11BC3-09C5-4140-A715-D992DA1693DB}.Release|Any CPU.ActiveCfg = Release|Any CPU
		{0CA11BC3-09C5-4140-A715-D992DA1693DB}.Release|Any CPU.Build.0 = Release|Any CPU
		{ED0BD7B3-27BC-44D5-9B18-D01106465892}.Debug|Any CPU.ActiveCfg = Debug|Any CPU
		{ED0BD7B3-27BC-44D5-9B18-D01106465892}.Debug|Any CPU.Build.0 = Debug|Any CPU
		{ED0BD7B3-27BC-44D5-9B18-D01106465892}.Release|Any CPU.ActiveCfg = Release|Any CPU
		{ED0BD7B3-27BC-44D5-9B18-D01106465892}.Release|Any CPU.Build.0 = Release|Any CPU
		{DB261297-64B9-47A0-9CFE-C01B8A137A31}.Debug|Any CPU.ActiveCfg = Debug|Any CPU
		{DB261297-64B9-47A0-9CFE-C01B8A137A31}.Debug|Any CPU.Build.0 = Debug|Any CPU
		{DB261297-64B9-47A0-9CFE-C01B8A137A31}.Release|Any CPU.ActiveCfg = Release|Any CPU
		{DB261297-64B9-47A0-9CFE-C01B8A137A31}.Release|Any CPU.Build.0 = Release|Any CPU
		{6202BA7B-2788-48DA-B538-582F1DBCB266}.Debug|Any CPU.ActiveCfg = Debug|Any CPU
		{6202BA7B-2788-48DA-B538-582F1DBCB266}.Debug|Any CPU.Build.0 = Debug|Any CPU
		{6202BA7B-2788-48DA-B538-582F1DBCB266}.Release|Any CPU.ActiveCfg = Release|Any CPU
		{6202BA7B-2788-48DA-B538-582F1DBCB266}.Release|Any CPU.Build.0 = Release|Any CPU
		{9A76812B-3C9F-4145-BEE0-29C13632F2BD}.Debug|Any CPU.ActiveCfg = Debug|Any CPU
		{9A76812B-3C9F-4145-BEE0-29C13632F2BD}.Debug|Any CPU.Build.0 = Debug|Any CPU
		{9A76812B-3C9F-4145-BEE0-29C13632F2BD}.Release|Any CPU.ActiveCfg = Release|Any CPU
		{9A76812B-3C9F-4145-BEE0-29C13632F2BD}.Release|Any CPU.Build.0 = Release|Any CPU
		{41AFD2F4-E095-41C7-A23C-A5D89D44BBCF}.Debug|Any CPU.ActiveCfg = Debug|Any CPU
		{41AFD2F4-E095-41C7-A23C-A5D89D44BBCF}.Debug|Any CPU.Build.0 = Debug|Any CPU
		{41AFD2F4-E095-41C7-A23C-A5D89D44BBCF}.Release|Any CPU.ActiveCfg = Release|Any CPU
		{41AFD2F4-E095-41C7-A23C-A5D89D44BBCF}.Release|Any CPU.Build.0 = Release|Any CPU
		{35BFC016-F6D6-4BF0-A521-E511DBC7F656}.Debug|Any CPU.ActiveCfg = Debug|Any CPU
		{35BFC016-F6D6-4BF0-A521-E511DBC7F656}.Debug|Any CPU.Build.0 = Debug|Any CPU
		{35BFC016-F6D6-4BF0-A521-E511DBC7F656}.Release|Any CPU.ActiveCfg = Release|Any CPU
		{35BFC016-F6D6-4BF0-A521-E511DBC7F656}.Release|Any CPU.Build.0 = Release|Any CPU
		{F5A88908-5094-46F9-B6CC-3AE89ACBEAF0}.Debug|Any CPU.ActiveCfg = Debug|Any CPU
		{F5A88908-5094-46F9-B6CC-3AE89ACBEAF0}.Debug|Any CPU.Build.0 = Debug|Any CPU
		{F5A88908-5094-46F9-B6CC-3AE89ACBEAF0}.Release|Any CPU.ActiveCfg = Release|Any CPU
		{F5A88908-5094-46F9-B6CC-3AE89ACBEAF0}.Release|Any CPU.Build.0 = Release|Any CPU
	EndGlobalSection
	GlobalSection(SolutionProperties) = preSolution
		HideSolutionNode = FALSE
	EndGlobalSection
	GlobalSection(NestedProjects) = preSolution
		{6D1A05D3-A464-474B-A0F9-61D7050C00CD} = {D8B1355F-E15F-4A96-AF51-7AAB853F4894}
		{0D5EBBBD-4F75-47E4-A74A-46AA68E5937B} = {D8B1355F-E15F-4A96-AF51-7AAB853F4894}
		{AEFEBC9F-3309-40B7-AE4A-7AFCAA539622} = {D8B1355F-E15F-4A96-AF51-7AAB853F4894}
		{CC151CB7-E405-411E-ACAA-376EC53F695B} = {D8B1355F-E15F-4A96-AF51-7AAB853F4894}
		{C826928A-1219-4C9E-8148-B7E2D06E170B} = {D8B1355F-E15F-4A96-AF51-7AAB853F4894}
		{35CF007E-9115-42DF-B799-D534CEABC1ED} = {D8B1355F-E15F-4A96-AF51-7AAB853F4894}
		{F104B307-B4BE-4B33-95CC-8C2A3FC0D50B} = {D8B1355F-E15F-4A96-AF51-7AAB853F4894}
		{4A39A93C-480A-4A6C-BC55-4A9F28C317DC} = {D8B1355F-E15F-4A96-AF51-7AAB853F4894}
		{47582088-8323-4FB7-973B-C32CED72A2A4} = {D8B1355F-E15F-4A96-AF51-7AAB853F4894}
		{C646D0B8-8EE8-464A-AE78-307532860CF5} = {D8B1355F-E15F-4A96-AF51-7AAB853F4894}
		{FE197086-7BA2-44BA-95E9-0F08C504ACF8} = {64C25BC3-9481-4E30-BD12-5529FF9752C1}
		{1A3F6D9C-3D43-4373-A2E5-9CE346806C20} = {64C25BC3-9481-4E30-BD12-5529FF9752C1}
		{E98DA5F4-764F-4A5F-9692-A3FDB1C50C54} = {64C25BC3-9481-4E30-BD12-5529FF9752C1}
		{EFB7D082-60F1-40E3-A4EE-A44B51677ABE} = {64C25BC3-9481-4E30-BD12-5529FF9752C1}
		{2E08EB7A-73A8-4007-B78E-42A374911E13} = {85847ED4-BC81-4AEA-A620-660CA6B8F063}
		{14EF1F89-8FF1-4FF6-A6E1-72F310990690} = {85847ED4-BC81-4AEA-A620-660CA6B8F063}
		{8CA906A7-0B66-4ABC-B946-67124EEB38A6} = {85847ED4-BC81-4AEA-A620-660CA6B8F063}
		{87A3E558-1855-4B4A-AEFE-730ECB856D58} = {A90DF6CB-AC96-4F82-B779-5A34CBDDA628}
		{D33A210B-2753-46B7-8167-483E9791AA14} = {A90DF6CB-AC96-4F82-B779-5A34CBDDA628}
		{6D1647DD-5370-4EE7-98D4-4357E887493D} = {35CF8DC0-BF34-46A8-A52F-49B89E122108}
		{E77A5AD0-4A6E-4463-A572-EC2D21DF2D26} = {212E1719-F62D-44A7-ADCD-70BCF0BC8FA4}
		{4158AFD0-5B7E-43FD-A27C-FF5A8679208B} = {212E1719-F62D-44A7-ADCD-70BCF0BC8FA4}
		{DD8BB5E9-AC34-474E-8373-985EE36D2F6B} = {212E1719-F62D-44A7-ADCD-70BCF0BC8FA4}
		{5FC1E266-0F19-4E4F-8E96-662B750249CF} = {2A8D53D5-7E20-4B0E-A057-9D53674AE426}
		{586E881E-591B-4929-9ACC-4801851D622B} = {2DA3A4E5-E414-48AE-97EF-A79C7E44EF69}
		{C6C2FC9D-8166-49B9-AC95-3368885A62B2} = {586E881E-591B-4929-9ACC-4801851D622B}
		{476EE7AA-BE32-4690-8018-32E5B8F8FE43} = {586E881E-591B-4929-9ACC-4801851D622B}
		{A085E11A-7F87-4F42-AE36-53C8952B6665} = {586E881E-591B-4929-9ACC-4801851D622B}
		{903DD7E4-C877-4375-AAF4-FA2BCDA30AAF} = {2A1AEA4C-9AAA-4886-85CD-6157B258AC40}
		{2E6C7C2E-9696-4C6B-B10B-571280181344} = {4AF967AF-A8E8-4F03-814A-E9C98E2CFFDE}
		{FA655799-6A44-4558-A8EE-53C366AD6645} = {903DD7E4-C877-4375-AAF4-FA2BCDA30AAF}
		{C47F44A6-B845-43A3-9CD1-A9D240FDD8F1} = {903DD7E4-C877-4375-AAF4-FA2BCDA30AAF}
		{4AF967AF-A8E8-4F03-814A-E9C98E2CFFDE} = {903DD7E4-C877-4375-AAF4-FA2BCDA30AAF}
		{757B0D1A-B74A-43EF-A57A-88DFF38DB781} = {903DD7E4-C877-4375-AAF4-FA2BCDA30AAF}
		{06F4E9C3-1DC4-4E9D-8D82-14A9854146C9} = {757B0D1A-B74A-43EF-A57A-88DFF38DB781}
		{CE7D7FB5-E341-4068-8F6F-9A1B143CE47A} = {C47F44A6-B845-43A3-9CD1-A9D240FDD8F1}
		{21433BD0-FEAF-4118-93C4-7385EF72DDC2} = {C47F44A6-B845-43A3-9CD1-A9D240FDD8F1}
		{41BDBF4F-B884-4EB4-ABAA-8237EC5AE9AC} = {C47F44A6-B845-43A3-9CD1-A9D240FDD8F1}
		{0E6855FC-EEFB-4BB7-9C55-D2884C5D5095} = {C47F44A6-B845-43A3-9CD1-A9D240FDD8F1}
		{BBC5FB1F-0899-4E74-B0B2-082037748953} = {FA655799-6A44-4558-A8EE-53C366AD6645}
		{0CA11BC3-09C5-4140-A715-D992DA1693DB} = {FA655799-6A44-4558-A8EE-53C366AD6645}
		{ED0BD7B3-27BC-44D5-9B18-D01106465892} = {FA655799-6A44-4558-A8EE-53C366AD6645}
		{DB261297-64B9-47A0-9CFE-C01B8A137A31} = {FA655799-6A44-4558-A8EE-53C366AD6645}
		{6202BA7B-2788-48DA-B538-582F1DBCB266} = {757B0D1A-B74A-43EF-A57A-88DFF38DB781}
		{9A76812B-3C9F-4145-BEE0-29C13632F2BD} = {C47F44A6-B845-43A3-9CD1-A9D240FDD8F1}
		{41AFD2F4-E095-41C7-A23C-A5D89D44BBCF} = {C47F44A6-B845-43A3-9CD1-A9D240FDD8F1}
		{35BFC016-F6D6-4BF0-A521-E511DBC7F656} = {FA655799-6A44-4558-A8EE-53C366AD6645}
		{F5A88908-5094-46F9-B6CC-3AE89ACBEAF0} = {FA655799-6A44-4558-A8EE-53C366AD6645}
	EndGlobalSection
	GlobalSection(ExtensibilityGlobals) = postSolution
		SolutionGuid = {7977E223-0C37-4C7D-8787-0CBFD8A44065}
	EndGlobalSection
EndGlobal
