
Microsoft Visual Studio Solution File, Format Version 12.00
# Visual Studio Version 16
VisualStudioVersion = 16.0.30114.105
MinimumVisualStudioVersion = 10.0.40219.1
Project("{FAE04EC0-301F-11D3-BF4B-00C04F79EFBC}") = "Task1.1.1", "Task1\Task1.1.1.csproj", "{6D1A05D3-A464-474B-A0F9-61D7050C00CD}"
EndProject
Project("{FAE04EC0-301F-11D3-BF4B-00C04F79EFBC}") = "Task1.1.2", "Task1.1.2\Task1.1.2.csproj", "{0D5EBBBD-4F75-47E4-A74A-46AA68E5937B}"
EndProject
Project("{FAE04EC0-301F-11D3-BF4B-00C04F79EFBC}") = "Task1.1.3", "Task1.1.3\Task1.1.3.csproj", "{AEFEBC9F-3309-40B7-AE4A-7AFCAA539622}"
EndProject
Project("{FAE04EC0-301F-11D3-BF4B-00C04F79EFBC}") = "Task1.1.4", "Task1.1.4\Task1.1.4.csproj", "{CC151CB7-E405-411E-ACAA-376EC53F695B}"
EndProject
Project("{FAE04EC0-301F-11D3-BF4B-00C04F79EFBC}") = "Task1.1.5", "Task1.1.5\Task1.1.5.csproj", "{C826928A-1219-4C9E-8148-B7E2D06E170B}"
EndProject
Project("{FAE04EC0-301F-11D3-BF4B-00C04F79EFBC}") = "Task1.1.7", "Task1.1.7\Task1.1.7.csproj", "{35CF007E-9115-42DF-B799-D534CEABC1ED}"
EndProject
Project("{FAE04EC0-301F-11D3-BF4B-00C04F79EFBC}") = "Task1.1.8", "Task1.1.8\Task1.1.8.csproj", "{F104B307-B4BE-4B33-95CC-8C2A3FC0D50B}"
EndProject
Project("{FAE04EC0-301F-11D3-BF4B-00C04F79EFBC}") = "Task1.1.9", "Task1.1.9\Task1.1.9.csproj", "{4A39A93C-480A-4A6C-BC55-4A9F28C317DC}"
EndProject
Project("{FAE04EC0-301F-11D3-BF4B-00C04F79EFBC}") = "Task1.1.10", "Task1.1.10\Task1.1.10.csproj", "{47582088-8323-4FB7-973B-C32CED72A2A4}"
EndProject
Project("{FAE04EC0-301F-11D3-BF4B-00C04F79EFBC}") = "Task1.1.6", "Task1.1.6\Task1.1.6.csproj", "{C646D0B8-8EE8-464A-AE78-307532860CF5}"
EndProject
Project("{2150E333-8FDC-42A3-9474-1A3956D46DE8}") = "Task1.1.x", "Task1.1.x", "{D8B1355F-E15F-4A96-AF51-7AAB853F4894}"
EndProject
Project("{2150E333-8FDC-42A3-9474-1A3956D46DE8}") = "Task1.2.x", "Task1.2.x", "{64C25BC3-9481-4E30-BD12-5529FF9752C1}"
EndProject
Project("{FAE04EC0-301F-11D3-BF4B-00C04F79EFBC}") = "Task1.2.1", "Task1.2.1\Task1.2.1.csproj", "{FE197086-7BA2-44BA-95E9-0F08C504ACF8}"
EndProject
Project("{FAE04EC0-301F-11D3-BF4B-00C04F79EFBC}") = "Task1.2.2", "Task1.2.2\Task1.2.2.csproj", "{1A3F6D9C-3D43-4373-A2E5-9CE346806C20}"
EndProject
Project("{FAE04EC0-301F-11D3-BF4B-00C04F79EFBC}") = "Task1.2.3", "Task1.2.3\Task1.2.3.csproj", "{E98DA5F4-764F-4A5F-9692-A3FDB1C50C54}"
EndProject
Project("{FAE04EC0-301F-11D3-BF4B-00C04F79EFBC}") = "Task1.2.4", "Task1.2.4\Task1.2.4.csproj", "{EFB7D082-60F1-40E3-A4EE-A44B51677ABE}"
EndProject
Project("{FAE04EC0-301F-11D3-BF4B-00C04F79EFBC}") = "Task2.1.1", "Task2.1.1\Task2.1.1.csproj", "{2E08EB7A-73A8-4007-B78E-42A374911E13}"
EndProject
Project("{2150E333-8FDC-42A3-9474-1A3956D46DE8}") = "Task2.1.x", "Task2.1.x", "{85847ED4-BC81-4AEA-A620-660CA6B8F063}"
EndProject
Project("{FAE04EC0-301F-11D3-BF4B-00C04F79EFBC}") = "Task2.1.2", "Task2.1.2\Task2.1.2.csproj", "{14EF1F89-8FF1-4FF6-A6E1-72F310990690}"
EndProject
Project("{FAE04EC0-301F-11D3-BF4B-00C04F79EFBC}") = "Task2.2.1", "Task2.2.1\Task2.2.1.csproj", "{8CA906A7-0B66-4ABC-B946-67124EEB38A6}"
EndProject
Project("{2150E333-8FDC-42A3-9474-1A3956D46DE8}") = "Task3.1.x", "Task3.1.x", "{A90DF6CB-AC96-4F82-B779-5A34CBDDA628}"
EndProject
Project("{FAE04EC0-301F-11D3-BF4B-00C04F79EFBC}") = "Task3.1.1", "Task3.1.1\Task3.1.1.csproj", "{87A3E558-1855-4B4A-AEFE-730ECB856D58}"
EndProject
Project("{FAE04EC0-301F-11D3-BF4B-00C04F79EFBC}") = "Task3.1.2", "Task3.1.2\Task3.1.2.csproj", "{D33A210B-2753-46B7-8167-483E9791AA14}"
EndProject
Project("{2150E333-8FDC-42A3-9474-1A3956D46DE8}") = "Task3.2.x", "Task3.2.x", "{35CF8DC0-BF34-46A8-A52F-49B89E122108}"
EndProject
Project("{FAE04EC0-301F-11D3-BF4B-00C04F79EFBC}") = "Task3.2.1", "Task3.2.1\Task3.2.1.csproj", "{6D1647DD-5370-4EE7-98D4-4357E887493D}"
EndProject
Project("{2150E333-8FDC-42A3-9474-1A3956D46DE8}") = "Task3.3.x", "Task3.3.x", "{212E1719-F62D-44A7-ADCD-70BCF0BC8FA4}"
EndProject
Project("{FAE04EC0-301F-11D3-BF4B-00C04F79EFBC}") = "Task3.3.1", "Task3.3.1\Task3.3.1.csproj", "{E77A5AD0-4A6E-4463-A572-EC2D21DF2D26}"
EndProject
Project("{FAE04EC0-301F-11D3-BF4B-00C04F79EFBC}") = "Task3.3.2", "Task3.3.2\Task3.3.2.csproj", "{4158AFD0-5B7E-43FD-A27C-FF5A8679208B}"
EndProject
Global
	GlobalSection(SolutionConfigurationPlatforms) = preSolution
		Debug|Any CPU = Debug|Any CPU
		Release|Any CPU = Release|Any CPU
	EndGlobalSection
	GlobalSection(ProjectConfigurationPlatforms) = postSolution
		{6D1A05D3-A464-474B-A0F9-61D7050C00CD}.Debug|Any CPU.ActiveCfg = Debug|Any CPU
		{6D1A05D3-A464-474B-A0F9-61D7050C00CD}.Debug|Any CPU.Build.0 = Debug|Any CPU
		{6D1A05D3-A464-474B-A0F9-61D7050C00CD}.Release|Any CPU.ActiveCfg = Release|Any CPU
		{6D1A05D3-A464-474B-A0F9-61D7050C00CD}.Release|Any CPU.Build.0 = Release|Any CPU
		{0D5EBBBD-4F75-47E4-A74A-46AA68E5937B}.Debug|Any CPU.ActiveCfg = Debug|Any CPU
		{0D5EBBBD-4F75-47E4-A74A-46AA68E5937B}.Debug|Any CPU.Build.0 = Debug|Any CPU
		{0D5EBBBD-4F75-47E4-A74A-46AA68E5937B}.Release|Any CPU.ActiveCfg = Release|Any CPU
		{0D5EBBBD-4F75-47E4-A74A-46AA68E5937B}.Release|Any CPU.Build.0 = Release|Any CPU
		{AEFEBC9F-3309-40B7-AE4A-7AFCAA539622}.Debug|Any CPU.ActiveCfg = Debug|Any CPU
		{AEFEBC9F-3309-40B7-AE4A-7AFCAA539622}.Debug|Any CPU.Build.0 = Debug|Any CPU
		{AEFEBC9F-3309-40B7-AE4A-7AFCAA539622}.Release|Any CPU.ActiveCfg = Release|Any CPU
		{AEFEBC9F-3309-40B7-AE4A-7AFCAA539622}.Release|Any CPU.Build.0 = Release|Any CPU
		{CC151CB7-E405-411E-ACAA-376EC53F695B}.Debug|Any CPU.ActiveCfg = Debug|Any CPU
		{CC151CB7-E405-411E-ACAA-376EC53F695B}.Debug|Any CPU.Build.0 = Debug|Any CPU
		{CC151CB7-E405-411E-ACAA-376EC53F695B}.Release|Any CPU.ActiveCfg = Release|Any CPU
		{CC151CB7-E405-411E-ACAA-376EC53F695B}.Release|Any CPU.Build.0 = Release|Any CPU
		{C826928A-1219-4C9E-8148-B7E2D06E170B}.Debug|Any CPU.ActiveCfg = Debug|Any CPU
		{C826928A-1219-4C9E-8148-B7E2D06E170B}.Debug|Any CPU.Build.0 = Debug|Any CPU
		{C826928A-1219-4C9E-8148-B7E2D06E170B}.Release|Any CPU.ActiveCfg = Release|Any CPU
		{C826928A-1219-4C9E-8148-B7E2D06E170B}.Release|Any CPU.Build.0 = Release|Any CPU
		{35CF007E-9115-42DF-B799-D534CEABC1ED}.Debug|Any CPU.ActiveCfg = Debug|Any CPU
		{35CF007E-9115-42DF-B799-D534CEABC1ED}.Debug|Any CPU.Build.0 = Debug|Any CPU
		{35CF007E-9115-42DF-B799-D534CEABC1ED}.Release|Any CPU.ActiveCfg = Release|Any CPU
		{35CF007E-9115-42DF-B799-D534CEABC1ED}.Release|Any CPU.Build.0 = Release|Any CPU
		{F104B307-B4BE-4B33-95CC-8C2A3FC0D50B}.Debug|Any CPU.ActiveCfg = Debug|Any CPU
		{F104B307-B4BE-4B33-95CC-8C2A3FC0D50B}.Debug|Any CPU.Build.0 = Debug|Any CPU
		{F104B307-B4BE-4B33-95CC-8C2A3FC0D50B}.Release|Any CPU.ActiveCfg = Release|Any CPU
		{F104B307-B4BE-4B33-95CC-8C2A3FC0D50B}.Release|Any CPU.Build.0 = Release|Any CPU
		{4A39A93C-480A-4A6C-BC55-4A9F28C317DC}.Debug|Any CPU.ActiveCfg = Debug|Any CPU
		{4A39A93C-480A-4A6C-BC55-4A9F28C317DC}.Debug|Any CPU.Build.0 = Debug|Any CPU
		{4A39A93C-480A-4A6C-BC55-4A9F28C317DC}.Release|Any CPU.ActiveCfg = Release|Any CPU
		{4A39A93C-480A-4A6C-BC55-4A9F28C317DC}.Release|Any CPU.Build.0 = Release|Any CPU
		{47582088-8323-4FB7-973B-C32CED72A2A4}.Debug|Any CPU.ActiveCfg = Debug|Any CPU
		{47582088-8323-4FB7-973B-C32CED72A2A4}.Debug|Any CPU.Build.0 = Debug|Any CPU
		{47582088-8323-4FB7-973B-C32CED72A2A4}.Release|Any CPU.ActiveCfg = Release|Any CPU
		{47582088-8323-4FB7-973B-C32CED72A2A4}.Release|Any CPU.Build.0 = Release|Any CPU
		{C646D0B8-8EE8-464A-AE78-307532860CF5}.Debug|Any CPU.ActiveCfg = Debug|Any CPU
		{C646D0B8-8EE8-464A-AE78-307532860CF5}.Debug|Any CPU.Build.0 = Debug|Any CPU
		{C646D0B8-8EE8-464A-AE78-307532860CF5}.Release|Any CPU.ActiveCfg = Release|Any CPU
		{C646D0B8-8EE8-464A-AE78-307532860CF5}.Release|Any CPU.Build.0 = Release|Any CPU
		{FE197086-7BA2-44BA-95E9-0F08C504ACF8}.Debug|Any CPU.ActiveCfg = Debug|Any CPU
		{FE197086-7BA2-44BA-95E9-0F08C504ACF8}.Debug|Any CPU.Build.0 = Debug|Any CPU
		{FE197086-7BA2-44BA-95E9-0F08C504ACF8}.Release|Any CPU.ActiveCfg = Release|Any CPU
		{FE197086-7BA2-44BA-95E9-0F08C504ACF8}.Release|Any CPU.Build.0 = Release|Any CPU
		{1A3F6D9C-3D43-4373-A2E5-9CE346806C20}.Debug|Any CPU.ActiveCfg = Debug|Any CPU
		{1A3F6D9C-3D43-4373-A2E5-9CE346806C20}.Debug|Any CPU.Build.0 = Debug|Any CPU
		{1A3F6D9C-3D43-4373-A2E5-9CE346806C20}.Release|Any CPU.ActiveCfg = Release|Any CPU
		{1A3F6D9C-3D43-4373-A2E5-9CE346806C20}.Release|Any CPU.Build.0 = Release|Any CPU
		{E98DA5F4-764F-4A5F-9692-A3FDB1C50C54}.Debug|Any CPU.ActiveCfg = Debug|Any CPU
		{E98DA5F4-764F-4A5F-9692-A3FDB1C50C54}.Debug|Any CPU.Build.0 = Debug|Any CPU
		{E98DA5F4-764F-4A5F-9692-A3FDB1C50C54}.Release|Any CPU.ActiveCfg = Release|Any CPU
		{E98DA5F4-764F-4A5F-9692-A3FDB1C50C54}.Release|Any CPU.Build.0 = Release|Any CPU
		{EFB7D082-60F1-40E3-A4EE-A44B51677ABE}.Debug|Any CPU.ActiveCfg = Debug|Any CPU
		{EFB7D082-60F1-40E3-A4EE-A44B51677ABE}.Debug|Any CPU.Build.0 = Debug|Any CPU
		{EFB7D082-60F1-40E3-A4EE-A44B51677ABE}.Release|Any CPU.ActiveCfg = Release|Any CPU
		{EFB7D082-60F1-40E3-A4EE-A44B51677ABE}.Release|Any CPU.Build.0 = Release|Any CPU
		{2E08EB7A-73A8-4007-B78E-42A374911E13}.Debug|Any CPU.ActiveCfg = Debug|Any CPU
		{2E08EB7A-73A8-4007-B78E-42A374911E13}.Debug|Any CPU.Build.0 = Debug|Any CPU
		{2E08EB7A-73A8-4007-B78E-42A374911E13}.Release|Any CPU.ActiveCfg = Release|Any CPU
		{2E08EB7A-73A8-4007-B78E-42A374911E13}.Release|Any CPU.Build.0 = Release|Any CPU
		{14EF1F89-8FF1-4FF6-A6E1-72F310990690}.Debug|Any CPU.ActiveCfg = Debug|Any CPU
		{14EF1F89-8FF1-4FF6-A6E1-72F310990690}.Debug|Any CPU.Build.0 = Debug|Any CPU
		{14EF1F89-8FF1-4FF6-A6E1-72F310990690}.Release|Any CPU.ActiveCfg = Release|Any CPU
		{14EF1F89-8FF1-4FF6-A6E1-72F310990690}.Release|Any CPU.Build.0 = Release|Any CPU
		{8CA906A7-0B66-4ABC-B946-67124EEB38A6}.Debug|Any CPU.ActiveCfg = Debug|Any CPU
		{8CA906A7-0B66-4ABC-B946-67124EEB38A6}.Debug|Any CPU.Build.0 = Debug|Any CPU
		{8CA906A7-0B66-4ABC-B946-67124EEB38A6}.Release|Any CPU.ActiveCfg = Release|Any CPU
		{8CA906A7-0B66-4ABC-B946-67124EEB38A6}.Release|Any CPU.Build.0 = Release|Any CPU
		{87A3E558-1855-4B4A-AEFE-730ECB856D58}.Debug|Any CPU.ActiveCfg = Debug|Any CPU
		{87A3E558-1855-4B4A-AEFE-730ECB856D58}.Debug|Any CPU.Build.0 = Debug|Any CPU
		{87A3E558-1855-4B4A-AEFE-730ECB856D58}.Release|Any CPU.ActiveCfg = Release|Any CPU
		{87A3E558-1855-4B4A-AEFE-730ECB856D58}.Release|Any CPU.Build.0 = Release|Any CPU
		{D33A210B-2753-46B7-8167-483E9791AA14}.Debug|Any CPU.ActiveCfg = Debug|Any CPU
		{D33A210B-2753-46B7-8167-483E9791AA14}.Debug|Any CPU.Build.0 = Debug|Any CPU
		{D33A210B-2753-46B7-8167-483E9791AA14}.Release|Any CPU.ActiveCfg = Release|Any CPU
		{D33A210B-2753-46B7-8167-483E9791AA14}.Release|Any CPU.Build.0 = Release|Any CPU
		{6D1647DD-5370-4EE7-98D4-4357E887493D}.Debug|Any CPU.ActiveCfg = Debug|Any CPU
		{6D1647DD-5370-4EE7-98D4-4357E887493D}.Debug|Any CPU.Build.0 = Debug|Any CPU
		{6D1647DD-5370-4EE7-98D4-4357E887493D}.Release|Any CPU.ActiveCfg = Release|Any CPU
		{6D1647DD-5370-4EE7-98D4-4357E887493D}.Release|Any CPU.Build.0 = Release|Any CPU
		{E77A5AD0-4A6E-4463-A572-EC2D21DF2D26}.Debug|Any CPU.ActiveCfg = Debug|Any CPU
		{E77A5AD0-4A6E-4463-A572-EC2D21DF2D26}.Debug|Any CPU.Build.0 = Debug|Any CPU
		{E77A5AD0-4A6E-4463-A572-EC2D21DF2D26}.Release|Any CPU.ActiveCfg = Release|Any CPU
		{E77A5AD0-4A6E-4463-A572-EC2D21DF2D26}.Release|Any CPU.Build.0 = Release|Any CPU
		{4158AFD0-5B7E-43FD-A27C-FF5A8679208B}.Debug|Any CPU.ActiveCfg = Debug|Any CPU
		{4158AFD0-5B7E-43FD-A27C-FF5A8679208B}.Debug|Any CPU.Build.0 = Debug|Any CPU
		{4158AFD0-5B7E-43FD-A27C-FF5A8679208B}.Release|Any CPU.ActiveCfg = Release|Any CPU
		{4158AFD0-5B7E-43FD-A27C-FF5A8679208B}.Release|Any CPU.Build.0 = Release|Any CPU
	EndGlobalSection
	GlobalSection(SolutionProperties) = preSolution
		HideSolutionNode = FALSE
	EndGlobalSection
	GlobalSection(NestedProjects) = preSolution
		{6D1A05D3-A464-474B-A0F9-61D7050C00CD} = {D8B1355F-E15F-4A96-AF51-7AAB853F4894}
		{0D5EBBBD-4F75-47E4-A74A-46AA68E5937B} = {D8B1355F-E15F-4A96-AF51-7AAB853F4894}
		{AEFEBC9F-3309-40B7-AE4A-7AFCAA539622} = {D8B1355F-E15F-4A96-AF51-7AAB853F4894}
		{CC151CB7-E405-411E-ACAA-376EC53F695B} = {D8B1355F-E15F-4A96-AF51-7AAB853F4894}
		{C826928A-1219-4C9E-8148-B7E2D06E170B} = {D8B1355F-E15F-4A96-AF51-7AAB853F4894}
		{35CF007E-9115-42DF-B799-D534CEABC1ED} = {D8B1355F-E15F-4A96-AF51-7AAB853F4894}
		{F104B307-B4BE-4B33-95CC-8C2A3FC0D50B} = {D8B1355F-E15F-4A96-AF51-7AAB853F4894}
		{4A39A93C-480A-4A6C-BC55-4A9F28C317DC} = {D8B1355F-E15F-4A96-AF51-7AAB853F4894}
		{47582088-8323-4FB7-973B-C32CED72A2A4} = {D8B1355F-E15F-4A96-AF51-7AAB853F4894}
		{C646D0B8-8EE8-464A-AE78-307532860CF5} = {D8B1355F-E15F-4A96-AF51-7AAB853F4894}
		{FE197086-7BA2-44BA-95E9-0F08C504ACF8} = {64C25BC3-9481-4E30-BD12-5529FF9752C1}
		{1A3F6D9C-3D43-4373-A2E5-9CE346806C20} = {64C25BC3-9481-4E30-BD12-5529FF9752C1}
		{E98DA5F4-764F-4A5F-9692-A3FDB1C50C54} = {64C25BC3-9481-4E30-BD12-5529FF9752C1}
		{EFB7D082-60F1-40E3-A4EE-A44B51677ABE} = {64C25BC3-9481-4E30-BD12-5529FF9752C1}
		{2E08EB7A-73A8-4007-B78E-42A374911E13} = {85847ED4-BC81-4AEA-A620-660CA6B8F063}
		{14EF1F89-8FF1-4FF6-A6E1-72F310990690} = {85847ED4-BC81-4AEA-A620-660CA6B8F063}
		{8CA906A7-0B66-4ABC-B946-67124EEB38A6} = {85847ED4-BC81-4AEA-A620-660CA6B8F063}
		{87A3E558-1855-4B4A-AEFE-730ECB856D58} = {A90DF6CB-AC96-4F82-B779-5A34CBDDA628}
		{D33A210B-2753-46B7-8167-483E9791AA14} = {A90DF6CB-AC96-4F82-B779-5A34CBDDA628}
		{6D1647DD-5370-4EE7-98D4-4357E887493D} = {35CF8DC0-BF34-46A8-A52F-49B89E122108}
		{E77A5AD0-4A6E-4463-A572-EC2D21DF2D26} = {212E1719-F62D-44A7-ADCD-70BCF0BC8FA4}
		{4158AFD0-5B7E-43FD-A27C-FF5A8679208B} = {212E1719-F62D-44A7-ADCD-70BCF0BC8FA4}
	EndGlobalSection
	GlobalSection(ExtensibilityGlobals) = postSolution
		SolutionGuid = {7977E223-0C37-4C7D-8787-0CBFD8A44065}
	EndGlobalSection
EndGlobal
