
Microsoft Visual Studio Solution File, Format Version 12.00
# Visual Studio Version 16
VisualStudioVersion = 16.0.30114.105
MinimumVisualStudioVersion = 10.0.40219.1
Project("{FAE04EC0-301F-11D3-BF4B-00C04F79EFBC}") = "Task1.1.1", "Task1\Task1.1.1.csproj", "{6D1A05D3-A464-474B-A0F9-61D7050C00CD}"
EndProject
Project("{FAE04EC0-301F-11D3-BF4B-00C04F79EFBC}") = "Task1.1.2", "Task1.1.2\Task1.1.2.csproj", "{0D5EBBBD-4F75-47E4-A74A-46AA68E5937B}"
EndProject
Project("{FAE04EC0-301F-11D3-BF4B-00C04F79EFBC}") = "Task1.1.3", "Task1.1.3\Task1.1.3.csproj", "{AEFEBC9F-3309-40B7-AE4A-7AFCAA539622}"
EndProject
Project("{FAE04EC0-301F-11D3-BF4B-00C04F79EFBC}") = "Task1.1.4", "Task1.1.4\Task1.1.4.csproj", "{CC151CB7-E405-411E-ACAA-376EC53F695B}"
EndProject
Global
	GlobalSection(SolutionConfigurationPlatforms) = preSolution
		Debug|Any CPU = Debug|Any CPU
		Release|Any CPU = Release|Any CPU
	EndGlobalSection
	GlobalSection(ProjectConfigurationPlatforms) = postSolution
		{6D1A05D3-A464-474B-A0F9-61D7050C00CD}.Debug|Any CPU.ActiveCfg = Debug|Any CPU
		{6D1A05D3-A464-474B-A0F9-61D7050C00CD}.Debug|Any CPU.Build.0 = Debug|Any CPU
		{6D1A05D3-A464-474B-A0F9-61D7050C00CD}.Release|Any CPU.ActiveCfg = Release|Any CPU
		{6D1A05D3-A464-474B-A0F9-61D7050C00CD}.Release|Any CPU.Build.0 = Release|Any CPU
		{0D5EBBBD-4F75-47E4-A74A-46AA68E5937B}.Debug|Any CPU.ActiveCfg = Debug|Any CPU
		{0D5EBBBD-4F75-47E4-A74A-46AA68E5937B}.Debug|Any CPU.Build.0 = Debug|Any CPU
		{0D5EBBBD-4F75-47E4-A74A-46AA68E5937B}.Release|Any CPU.ActiveCfg = Release|Any CPU
		{0D5EBBBD-4F75-47E4-A74A-46AA68E5937B}.Release|Any CPU.Build.0 = Release|Any CPU
		{AEFEBC9F-3309-40B7-AE4A-7AFCAA539622}.Debug|Any CPU.ActiveCfg = Debug|Any CPU
		{AEFEBC9F-3309-40B7-AE4A-7AFCAA539622}.Debug|Any CPU.Build.0 = Debug|Any CPU
		{AEFEBC9F-3309-40B7-AE4A-7AFCAA539622}.Release|Any CPU.ActiveCfg = Release|Any CPU
		{AEFEBC9F-3309-40B7-AE4A-7AFCAA539622}.Release|Any CPU.Build.0 = Release|Any CPU
		{CC151CB7-E405-411E-ACAA-376EC53F695B}.Debug|Any CPU.ActiveCfg = Debug|Any CPU
		{CC151CB7-E405-411E-ACAA-376EC53F695B}.Debug|Any CPU.Build.0 = Debug|Any CPU
		{CC151CB7-E405-411E-ACAA-376EC53F695B}.Release|Any CPU.ActiveCfg = Release|Any CPU
		{CC151CB7-E405-411E-ACAA-376EC53F695B}.Release|Any CPU.Build.0 = Release|Any CPU
	EndGlobalSection
	GlobalSection(SolutionProperties) = preSolution
		HideSolutionNode = FALSE
	EndGlobalSection
	GlobalSection(ExtensibilityGlobals) = postSolution
		SolutionGuid = {7977E223-0C37-4C7D-8787-0CBFD8A44065}
	EndGlobalSection
EndGlobal
